
Microsoft Visual Studio Solution File, Format Version 12.00
# Visual Studio Version 16
VisualStudioVersion = 16.0.30225.117
MinimumVisualStudioVersion = 10.0.40219.1
Project("{FAE04EC0-301F-11D3-BF4B-00C04F79EFBC}") = "Mathml", "Mathml\Mathml.csproj", "{5BA3E90C-95DE-4A38-B4EC-98F62FC51D22}"
EndProject
Project("{FAE04EC0-301F-11D3-BF4B-00C04F79EFBC}") = "MathmlTest", "MathmlTest\MathmlTest.csproj", "{C8E8F8D0-C24B-4F7F-A172-60F5C08346CC}"
EndProject
Global
	GlobalSection(SolutionConfigurationPlatforms) = preSolution
		Debug|Any CPU = Debug|Any CPU
		Release|Any CPU = Release|Any CPU
	EndGlobalSection
	GlobalSection(ProjectConfigurationPlatforms) = postSolution
		{5BA3E90C-95DE-4A38-B4EC-98F62FC51D22}.Debug|Any CPU.ActiveCfg = Debug|Any CPU
		{5BA3E90C-95DE-4A38-B4EC-98F62FC51D22}.Debug|Any CPU.Build.0 = Debug|Any CPU
		{5BA3E90C-95DE-4A38-B4EC-98F62FC51D22}.Release|Any CPU.ActiveCfg = Release|Any CPU
		{5BA3E90C-95DE-4A38-B4EC-98F62FC51D22}.Release|Any CPU.Build.0 = Release|Any CPU
		{C8E8F8D0-C24B-4F7F-A172-60F5C08346CC}.Debug|Any CPU.ActiveCfg = Debug|Any CPU
		{C8E8F8D0-C24B-4F7F-A172-60F5C08346CC}.Debug|Any CPU.Build.0 = Debug|Any CPU
		{C8E8F8D0-C24B-4F7F-A172-60F5C08346CC}.Release|Any CPU.ActiveCfg = Release|Any CPU
		{C8E8F8D0-C24B-4F7F-A172-60F5C08346CC}.Release|Any CPU.Build.0 = Release|Any CPU
	EndGlobalSection
	GlobalSection(SolutionProperties) = preSolution
		HideSolutionNode = FALSE
	EndGlobalSection
	GlobalSection(ExtensibilityGlobals) = postSolution
		SolutionGuid = {0D62AC7E-3046-424A-844F-183DEED09167}
	EndGlobalSection
EndGlobal
